
Microsoft Visual Studio Solution File, Format Version 12.00
# Visual Studio 15
VisualStudioVersion = 15.0.28307.705
MinimumVisualStudioVersion = 10.0.40219.1
Project("{2150E333-8FDC-42A3-9474-1A3956D46DE8}") = "Abstractions", "Abstractions", "{DA50E330-E2D0-4D4A-A101-C9922AFB1354}"
EndProject
Project("{2150E333-8FDC-42A3-9474-1A3956D46DE8}") = "CoreModules", "CoreModules", "{00F35B83-D969-4589-9C7E-7D0FC3C588A0}"
EndProject
Project("{2150E333-8FDC-42A3-9474-1A3956D46DE8}") = "WebApi", "WebApi", "{FF3BAB34-6513-47E0-8AE0-4B32CAA64CC1}"
EndProject
Project("{9A19103F-16F7-4668-BE54-9A1E7A4F7556}") = "Org.Domain.Abstractions.Storage", "Org.Domain.Abstractions.Storage\Org.Domain.Abstractions.Storage.csproj", "{3AF0D54C-03C2-4050-95F6-F7B773D3E0E6}"
EndProject
Project("{9A19103F-16F7-4668-BE54-9A1E7A4F7556}") = "Org.Domain.Core", "Org.Domain.Core\Org.Domain.Core.csproj", "{16AC4176-A8F1-47E0-9774-C06740DCF8B6}"
EndProject
Project("{9A19103F-16F7-4668-BE54-9A1E7A4F7556}") = "Org.Domain.Entities", "Org.Domain.Entities\Org.Domain.Entities.csproj", "{C1F78BB7-E7C1-4509-9B86-173D750B3E31}"
EndProject
Project("{9A19103F-16F7-4668-BE54-9A1E7A4F7556}") = "Org.Domain.Models", "Org.Domain.Models\Org.Domain.Models.csproj", "{88630BB4-7E03-4283-8BC7-E94206E9A1A3}"
EndProject
Project("{2150E333-8FDC-42A3-9474-1A3956D46DE8}") = "!Core", "!Core", "{B1FB23C8-3506-4E3F-B809-D48544C4082C}"
EndProject
Project("{9A19103F-16F7-4668-BE54-9A1E7A4F7556}") = "Org.Domain.Business", "Org.Domain.Business\Org.Domain.Business.csproj", "{892699AA-2A75-434A-A143-85D0A7C2C857}"
EndProject
Project("{9A19103F-16F7-4668-BE54-9A1E7A4F7556}") = "Org.Domain.Database", "Org.Domain.Database\Org.Domain.Database.csproj", "{2D05825F-2C77-4780-A904-79633C164258}"
EndProject
Project("{2150E333-8FDC-42A3-9474-1A3956D46DE8}") = "StorageModules", "StorageModules", "{F7E3EF1A-EF45-4D1B-BD1F-C7795E7ED124}"
EndProject
Project("{2150E333-8FDC-42A3-9474-1A3956D46DE8}") = "UnitTests", "UnitTests", "{5C5B5F21-8BAB-4D42-869A-6E9465ED748D}"
EndProject
Project("{9A19103F-16F7-4668-BE54-9A1E7A4F7556}") = "Org.Domain.Abstractions.Busuness", "Org.Domain.Abstractions.Business\Org.Domain.Abstractions.Busuness.csproj", "{86B5823A-5580-4690-923A-B16A0A41914D}"
EndProject
Project("{9A19103F-16F7-4668-BE54-9A1E7A4F7556}") = "Org.Domain.Abstractions.Database", "Org.Domain.Abstractions.Database\Org.Domain.Abstractions.Database.csproj", "{6CC35B71-E3AF-41DE-92BB-8D73418BCBB4}"
EndProject
Project("{9A19103F-16F7-4668-BE54-9A1E7A4F7556}") = "Org.Domain.Abstractions.Data", "Org.Domain.Abstractions.Data\Org.Domain.Abstractions.Data.csproj", "{8863EBE4-45BC-40E8-A146-BD1A620B46B5}"
EndProject
Project("{9A19103F-16F7-4668-BE54-9A1E7A4F7556}") = "Org.Domain.Data", "Org.Domain.Data\Org.Domain.Data.csproj", "{C1724E78-97D1-4EBD-954B-A1AD546A97D6}"
EndProject
Project("{9A19103F-16F7-4668-BE54-9A1E7A4F7556}") = "Org.Domain.Storage.AwsS3", "Org.Domain.Storage.AwsS3\Org.Domain.Storage.AwsS3.csproj", "{E78C0EEB-1559-480A-83F4-3AB20A938991}"
EndProject
Project("{9A19103F-16F7-4668-BE54-9A1E7A4F7556}") = "Org.Domain.Storage.Azure", "Org.Domain.Storage.Azure\Org.Domain.Storage.Azure.csproj", "{112D2338-F1D9-4CC4-B9AD-71C05915DAAD}"
EndProject
Project("{9A19103F-16F7-4668-BE54-9A1E7A4F7556}") = "Org.Domain.Storage.Disk", "Org.Domain.Storage.Disk\Org.Domain.Storage.Disk.csproj", "{E04B427F-343E-4CC6-8299-7DE063FADBAD}"
EndProject
Project("{9A19103F-16F7-4668-BE54-9A1E7A4F7556}") = "Org.Domain.WebApi", "Org.Domain.WebApi\Org.Domain.WebApi.csproj", "{09BE705B-E456-4C54-8AB2-49452F51B6B6}"
EndProject
Project("{9A19103F-16F7-4668-BE54-9A1E7A4F7556}") = "WebApiHost", "WebApiHost\WebApiHost.csproj", "{DCABC5E7-3D28-4164-8AD8-5ACD7A0803BA}"
EndProject
Project("{9A19103F-16F7-4668-BE54-9A1E7A4F7556}") = "Org.Domain.Business.Tests", "Org.Domain.Business.Tests\Org.Domain.Business.Tests.csproj", "{1A00E5FD-9E8E-4BB8-AE46-7D993E00DE7B}"
EndProject
Global
	GlobalSection(SolutionConfigurationPlatforms) = preSolution
		Debug|Any CPU = Debug|Any CPU
		Release|Any CPU = Release|Any CPU
	EndGlobalSection
	GlobalSection(ProjectConfigurationPlatforms) = postSolution
		{3AF0D54C-03C2-4050-95F6-F7B773D3E0E6}.Debug|Any CPU.ActiveCfg = Debug|Any CPU
		{3AF0D54C-03C2-4050-95F6-F7B773D3E0E6}.Debug|Any CPU.Build.0 = Debug|Any CPU
		{3AF0D54C-03C2-4050-95F6-F7B773D3E0E6}.Release|Any CPU.ActiveCfg = Release|Any CPU
		{3AF0D54C-03C2-4050-95F6-F7B773D3E0E6}.Release|Any CPU.Build.0 = Release|Any CPU
		{16AC4176-A8F1-47E0-9774-C06740DCF8B6}.Debug|Any CPU.ActiveCfg = Debug|Any CPU
		{16AC4176-A8F1-47E0-9774-C06740DCF8B6}.Debug|Any CPU.Build.0 = Debug|Any CPU
		{16AC4176-A8F1-47E0-9774-C06740DCF8B6}.Release|Any CPU.ActiveCfg = Release|Any CPU
		{16AC4176-A8F1-47E0-9774-C06740DCF8B6}.Release|Any CPU.Build.0 = Release|Any CPU
		{C1F78BB7-E7C1-4509-9B86-173D750B3E31}.Debug|Any CPU.ActiveCfg = Debug|Any CPU
		{C1F78BB7-E7C1-4509-9B86-173D750B3E31}.Debug|Any CPU.Build.0 = Debug|Any CPU
		{C1F78BB7-E7C1-4509-9B86-173D750B3E31}.Release|Any CPU.ActiveCfg = Release|Any CPU
		{C1F78BB7-E7C1-4509-9B86-173D750B3E31}.Release|Any CPU.Build.0 = Release|Any CPU
		{88630BB4-7E03-4283-8BC7-E94206E9A1A3}.Debug|Any CPU.ActiveCfg = Debug|Any CPU
		{88630BB4-7E03-4283-8BC7-E94206E9A1A3}.Debug|Any CPU.Build.0 = Debug|Any CPU
		{88630BB4-7E03-4283-8BC7-E94206E9A1A3}.Release|Any CPU.ActiveCfg = Release|Any CPU
		{88630BB4-7E03-4283-8BC7-E94206E9A1A3}.Release|Any CPU.Build.0 = Release|Any CPU
		{892699AA-2A75-434A-A143-85D0A7C2C857}.Debug|Any CPU.ActiveCfg = Debug|Any CPU
		{892699AA-2A75-434A-A143-85D0A7C2C857}.Debug|Any CPU.Build.0 = Debug|Any CPU
		{892699AA-2A75-434A-A143-85D0A7C2C857}.Release|Any CPU.ActiveCfg = Release|Any CPU
		{892699AA-2A75-434A-A143-85D0A7C2C857}.Release|Any CPU.Build.0 = Release|Any CPU
		{2D05825F-2C77-4780-A904-79633C164258}.Debug|Any CPU.ActiveCfg = Debug|Any CPU
		{2D05825F-2C77-4780-A904-79633C164258}.Debug|Any CPU.Build.0 = Debug|Any CPU
		{2D05825F-2C77-4780-A904-79633C164258}.Release|Any CPU.ActiveCfg = Release|Any CPU
		{2D05825F-2C77-4780-A904-79633C164258}.Release|Any CPU.Build.0 = Release|Any CPU
		{86B5823A-5580-4690-923A-B16A0A41914D}.Debug|Any CPU.ActiveCfg = Debug|Any CPU
		{86B5823A-5580-4690-923A-B16A0A41914D}.Debug|Any CPU.Build.0 = Debug|Any CPU
		{86B5823A-5580-4690-923A-B16A0A41914D}.Release|Any CPU.ActiveCfg = Release|Any CPU
		{86B5823A-5580-4690-923A-B16A0A41914D}.Release|Any CPU.Build.0 = Release|Any CPU
		{6CC35B71-E3AF-41DE-92BB-8D73418BCBB4}.Debug|Any CPU.ActiveCfg = Debug|Any CPU
		{6CC35B71-E3AF-41DE-92BB-8D73418BCBB4}.Debug|Any CPU.Build.0 = Debug|Any CPU
		{6CC35B71-E3AF-41DE-92BB-8D73418BCBB4}.Release|Any CPU.ActiveCfg = Release|Any CPU
		{6CC35B71-E3AF-41DE-92BB-8D73418BCBB4}.Release|Any CPU.Build.0 = Release|Any CPU
		{8863EBE4-45BC-40E8-A146-BD1A620B46B5}.Debug|Any CPU.ActiveCfg = Debug|Any CPU
		{8863EBE4-45BC-40E8-A146-BD1A620B46B5}.Debug|Any CPU.Build.0 = Debug|Any CPU
		{8863EBE4-45BC-40E8-A146-BD1A620B46B5}.Release|Any CPU.ActiveCfg = Release|Any CPU
		{8863EBE4-45BC-40E8-A146-BD1A620B46B5}.Release|Any CPU.Build.0 = Release|Any CPU
		{C1724E78-97D1-4EBD-954B-A1AD546A97D6}.Debug|Any CPU.ActiveCfg = Debug|Any CPU
		{C1724E78-97D1-4EBD-954B-A1AD546A97D6}.Debug|Any CPU.Build.0 = Debug|Any CPU
		{C1724E78-97D1-4EBD-954B-A1AD546A97D6}.Release|Any CPU.ActiveCfg = Release|Any CPU
		{C1724E78-97D1-4EBD-954B-A1AD546A97D6}.Release|Any CPU.Build.0 = Release|Any CPU
		{E78C0EEB-1559-480A-83F4-3AB20A938991}.Debug|Any CPU.ActiveCfg = Debug|Any CPU
		{E78C0EEB-1559-480A-83F4-3AB20A938991}.Debug|Any CPU.Build.0 = Debug|Any CPU
		{E78C0EEB-1559-480A-83F4-3AB20A938991}.Release|Any CPU.ActiveCfg = Release|Any CPU
		{E78C0EEB-1559-480A-83F4-3AB20A938991}.Release|Any CPU.Build.0 = Release|Any CPU
		{112D2338-F1D9-4CC4-B9AD-71C05915DAAD}.Debug|Any CPU.ActiveCfg = Debug|Any CPU
		{112D2338-F1D9-4CC4-B9AD-71C05915DAAD}.Debug|Any CPU.Build.0 = Debug|Any CPU
		{112D2338-F1D9-4CC4-B9AD-71C05915DAAD}.Release|Any CPU.ActiveCfg = Release|Any CPU
		{112D2338-F1D9-4CC4-B9AD-71C05915DAAD}.Release|Any CPU.Build.0 = Release|Any CPU
		{E04B427F-343E-4CC6-8299-7DE063FADBAD}.Debug|Any CPU.ActiveCfg = Debug|Any CPU
		{E04B427F-343E-4CC6-8299-7DE063FADBAD}.Debug|Any CPU.Build.0 = Debug|Any CPU
		{E04B427F-343E-4CC6-8299-7DE063FADBAD}.Release|Any CPU.ActiveCfg = Release|Any CPU
		{E04B427F-343E-4CC6-8299-7DE063FADBAD}.Release|Any CPU.Build.0 = Release|Any CPU
		{09BE705B-E456-4C54-8AB2-49452F51B6B6}.Debug|Any CPU.ActiveCfg = Debug|Any CPU
		{09BE705B-E456-4C54-8AB2-49452F51B6B6}.Debug|Any CPU.Build.0 = Debug|Any CPU
		{09BE705B-E456-4C54-8AB2-49452F51B6B6}.Release|Any CPU.ActiveCfg = Release|Any CPU
		{09BE705B-E456-4C54-8AB2-49452F51B6B6}.Release|Any CPU.Build.0 = Release|Any CPU
		{DCABC5E7-3D28-4164-8AD8-5ACD7A0803BA}.Debug|Any CPU.ActiveCfg = Debug|Any CPU
		{DCABC5E7-3D28-4164-8AD8-5ACD7A0803BA}.Debug|Any CPU.Build.0 = Debug|Any CPU
		{DCABC5E7-3D28-4164-8AD8-5ACD7A0803BA}.Release|Any CPU.ActiveCfg = Release|Any CPU
		{DCABC5E7-3D28-4164-8AD8-5ACD7A0803BA}.Release|Any CPU.Build.0 = Release|Any CPU
		{1A00E5FD-9E8E-4BB8-AE46-7D993E00DE7B}.Debug|Any CPU.ActiveCfg = Debug|Any CPU
		{1A00E5FD-9E8E-4BB8-AE46-7D993E00DE7B}.Debug|Any CPU.Build.0 = Debug|Any CPU
		{1A00E5FD-9E8E-4BB8-AE46-7D993E00DE7B}.Release|Any CPU.ActiveCfg = Release|Any CPU
		{1A00E5FD-9E8E-4BB8-AE46-7D993E00DE7B}.Release|Any CPU.Build.0 = Release|Any CPU
	EndGlobalSection
	GlobalSection(SolutionProperties) = preSolution
		HideSolutionNode = FALSE
	EndGlobalSection
	GlobalSection(NestedProjects) = preSolution
		{3AF0D54C-03C2-4050-95F6-F7B773D3E0E6} = {DA50E330-E2D0-4D4A-A101-C9922AFB1354}
		{16AC4176-A8F1-47E0-9774-C06740DCF8B6} = {B1FB23C8-3506-4E3F-B809-D48544C4082C}
		{C1F78BB7-E7C1-4509-9B86-173D750B3E31} = {B1FB23C8-3506-4E3F-B809-D48544C4082C}
		{88630BB4-7E03-4283-8BC7-E94206E9A1A3} = {B1FB23C8-3506-4E3F-B809-D48544C4082C}
		{892699AA-2A75-434A-A143-85D0A7C2C857} = {00F35B83-D969-4589-9C7E-7D0FC3C588A0}
		{2D05825F-2C77-4780-A904-79633C164258} = {00F35B83-D969-4589-9C7E-7D0FC3C588A0}
		{86B5823A-5580-4690-923A-B16A0A41914D} = {DA50E330-E2D0-4D4A-A101-C9922AFB1354}
		{6CC35B71-E3AF-41DE-92BB-8D73418BCBB4} = {DA50E330-E2D0-4D4A-A101-C9922AFB1354}
		{8863EBE4-45BC-40E8-A146-BD1A620B46B5} = {DA50E330-E2D0-4D4A-A101-C9922AFB1354}
		{C1724E78-97D1-4EBD-954B-A1AD546A97D6} = {00F35B83-D969-4589-9C7E-7D0FC3C588A0}
		{E78C0EEB-1559-480A-83F4-3AB20A938991} = {F7E3EF1A-EF45-4D1B-BD1F-C7795E7ED124}
		{112D2338-F1D9-4CC4-B9AD-71C05915DAAD} = {F7E3EF1A-EF45-4D1B-BD1F-C7795E7ED124}
		{E04B427F-343E-4CC6-8299-7DE063FADBAD} = {F7E3EF1A-EF45-4D1B-BD1F-C7795E7ED124}
		{09BE705B-E456-4C54-8AB2-49452F51B6B6} = {FF3BAB34-6513-47E0-8AE0-4B32CAA64CC1}
		{DCABC5E7-3D28-4164-8AD8-5ACD7A0803BA} = {FF3BAB34-6513-47E0-8AE0-4B32CAA64CC1}
		{1A00E5FD-9E8E-4BB8-AE46-7D993E00DE7B} = {5C5B5F21-8BAB-4D42-869A-6E9465ED748D}
	EndGlobalSection
	GlobalSection(ExtensibilityGlobals) = postSolution
		SolutionGuid = {10C71A21-73DF-4D4E-98AE-F7D820F2D0C3}
	EndGlobalSection
EndGlobal
